version = 1
revision = 3
requires-python = "==3.13.*"

[[package]]
name = "bake"
version = "0.1.0"
source = { virtual = "." }
dependencies = [
    { name = "brotli" },
    { name = "numpy" },
    { name = "scipy" },
    { name = "spiceypy" },
]

[package.dev-dependencies]
dev = [
    { name = "pytest" },
    { name = "pytest-cov" },
    { name = "ruff" },
]

[package.metadata]
requires-dist = [
    { name = "brotli", specifier = ">=1.2.0" },
    { name = "numpy", specifier = ">=2.4.5" },
    { name = "scipy", specifier = ">=1.17.1" },
    { name = "spiceypy", specifier = "==8.1.0" },
]

[package.metadata.requires-dev]
dev = [
    { name = "pytest", specifier = ">=9.0.3" },
    { name = "pytest-cov", specifier = ">=7.1.0" },
    { name = "ruff", specifier = ">=0.15.13" },
]

[[package]]
name = "brotli"
version = "1.2.0"
source = { registry = "https://pypi.org/simple" }
sdist = { url = "https://files.pythonhosted.org/packages/f7/16/c92ca344d646e71a43b8bb353f0a6490d7f6e06210f8554c8f874e454285/brotli-1.2.0.tar.gz", hash = "sha256:e310f77e41941c13340a95976fe66a8a95b01e783d430eeaf7a2f87e0a57dd0a", size = 7388632, upload-time = "2025-11-05T18:39:42.86Z" }
wheels = [
    { url = "https://files.pythonhosted.org/packages/6c/d4/4ad5432ac98c73096159d9ce7ffeb82d151c2ac84adcc6168e476bb54674/brotli-1.2.0-cp313-cp313-macosx_10_13_universal2.whl", hash = "sha256:9e5825ba2c9998375530504578fd4d5d1059d09621a02065d1b6bfc41a8e05ab", size = 861523, upload-time = "2025-11-05T18:38:34.67Z" },
    { url = "https://files.pythonhosted.org/packages/91/9f/9cc5bd03ee68a85dc4bc89114f7067c056a3c14b3d95f171918c088bf88d/brotli-1.2.0-cp313-cp313-macosx_10_13_x86_64.whl", hash = "sha256:0cf8c3b8ba93d496b2fae778039e2f5ecc7cff99df84df337ca31d8f2252896c", size = 444289, upload-time = "2025-11-05T18:38:35.6Z" },
    { url = "https://files.pythonhosted.org/packages/2e/b6/fe84227c56a865d16a6614e2c4722864b380cb14b13f3e6bef441e73a85a/brotli-1.2.0-cp313-cp313-manylinux2014_aarch64.manylinux_2_17_aarch64.manylinux_2_28_aarch64.whl", hash = "sha256:c8565e3cdc1808b1a34714b553b262c5de5fbda202285782173ec137fd13709f", size = 1528076, upload-time = "2025-11-05T18:38:36.639Z" },
    { url = "https://files.pythonhosted.org/packages/55/de/de4ae0aaca06c790371cf6e7ee93a024f6b4bb0568727da8c3de112e726c/brotli-1.2.0-cp313-cp313-manylinux2014_ppc64le.manylinux_2_17_ppc64le.manylinux_2_28_ppc64le.whl", hash = "sha256:26e8d3ecb0ee458a9804f47f21b74845cc823fd1bb19f02272be70774f56e2a6", size = 1626880, upload-time = "2025-11-05T18:38:37.623Z" },
    { url = "https://files.pythonhosted.org/packages/5f/16/a1b22cbea436642e071adcaf8d4b350a2ad02f5e0ad0da879a1be16188a0/brotli-1.2.0-cp313-cp313-manylinux2014_x86_64.manylinux_2_17_x86_64.whl", hash = "sha256:67a91c5187e1eec76a61625c77a6c8c785650f5b576ca732bd33ef58b0dff49c", size = 1419737, upload-time = "2025-11-05T18:38:38.729Z" },
    { url = "https://files.pythonhosted.org/packages/46/63/c968a97cbb3bdbf7f974ef5a6ab467a2879b82afbc5ffb65b8acbb744f95/brotli-1.2.0-cp313-cp313-musllinux_1_2_aarch64.whl", hash = "sha256:4ecdb3b6dc36e6d6e14d3a1bdc6c1057c8cbf80db04031d566eb6080ce283a48", size = 1484440, upload-time = "2025-11-05T18:38:39.916Z" },
    { url = "https://files.pythonhosted.org/packages/06/9d/102c67ea5c9fc171f423e8399e585dabea29b5bc79b05572891e70013cdd/brotli-1.2.0-cp313-cp313-musllinux_1_2_ppc64le.whl", hash = "sha256:3e1b35d56856f3ed326b140d3c6d9db91740f22e14b06e840fe4bb1923439a18", size = 1593313, upload-time = "2025-11-05T18:38:41.24Z" },
    { url = "https://files.pythonhosted.org/packages/9e/4a/9526d14fa6b87bc827ba1755a8440e214ff90de03095cacd78a64abe2b7d/brotli-1.2.0-cp313-cp313-musllinux_1_2_x86_64.whl", hash = "sha256:54a50a9dad16b32136b2241ddea9e4df159b41247b2ce6aac0b3276a66a8f1e5", size = 1487945, upload-time = "2025-11-05T18:38:42.277Z" },
    { url = "https://files.pythonhosted.org/packages/5b/e8/3fe1ffed70cbef83c5236166acaed7bb9c766509b157854c80e2f766b38c/brotli-1.2.0-cp313-cp313-win32.whl", hash = "sha256:1b1d6a4efedd53671c793be6dd760fcf2107da3a52331ad9ea429edf0902f27a", size = 334368, upload-time = "2025-11-05T18:38:43.345Z" },
    { url = "https://files.pythonhosted.org/packages/ff/91/e739587be970a113b37b821eae8097aac5a48e5f0eca438c22e4c7dd8648/brotli-1.2.0-cp313-cp313-win_amd64.whl", hash = "sha256:b63daa43d82f0cdabf98dee215b375b4058cce72871fd07934f179885aad16e8", size = 369116, upload-time = "2025-11-05T18:38:44.609Z" },
]

[[package]]
name = "colorama"
version = "0.4.6"
source = { registry = "https://pypi.org/simple" }
sdist = { url = "https://files.pythonhosted.org/packages/d8/53/6f443c9a4a8358a93a6792e2acffb9d9d5cb0a5cfd8802644b7b1c9a02e4/colorama-0.4.6.tar.gz", hash = "sha256:08695f5cb7ed6e0531a20572697297273c47b8cae5a63ffc6d6ed5c201be6e44", size = 27697, upload-time = "2022-10-25T02:36:22.414Z" }
wheels = [
    { url = "https://files.pythonhosted.org/packages/d1/d6/3965ed04c63042e047cb6a3e6ed1a63a35087b6a609aa3a15ed8ac56c221/colorama-0.4.6-py2.py3-none-any.whl", hash = "sha256:4f1d9991f5acc0ca119f9d443620b77f9d6b33703e51011c16baf57afb285fc6", size = 25335, upload-time = "2022-10-25T02:36:20.889Z" },
]

[[package]]
name = "coverage"
version = "7.14.0"
source = { registry = "https://pypi.org/simple" }
sdist = { url = "https://files.pythonhosted.org/packages/23/7f/d0720730a397a999ffc0fd3f5bebef347338e3a47b727da66fbb228e2ff2/coverage-7.14.0.tar.gz", hash = "sha256:057a6af2f160a85384cde4ab36f0d2777bae1057bae255f95413cdd382aa5c74", size = 919489, upload-time = "2026-05-10T18:02:31.397Z" }
wheels = [
    { url = "https://files.pythonhosted.org/packages/6b/76/b7c66ee3c66e1b0f9d894c8125983aa0c03fb2336f2fd16559f9c966157f/coverage-7.14.0-cp313-cp313-macosx_10_13_x86_64.whl", hash = "sha256:f2bbb8254370eb4c628ff3d6fa8a7f74ddc40565394d4f7ab791d1fe568e37ef", size = 219990, upload-time = "2026-05-10T18:00:38.887Z" },
    { url = "https://files.pythonhosted.org/packages/b3/af/e567cbad5ba69c013a50146dfa886dc7193361fda77521f51274ff620e1b/coverage-7.14.0-cp313-cp313-macosx_11_0_arm64.whl", hash = "sha256:23b81107f46d3f21d0cbce30664fcec0f5d9f585638a67081750f99738f6bf66", size = 220365, upload-time = "2026-05-10T18:00:40.864Z" },
    { url = "https://files.pythonhosted.org/packages/44/6f/9ad575d505b4d805b254febc8a5b338a2efe278f8786e56ff1cb8413f9c3/coverage-7.14.0-cp313-cp313-manylinux1_i686.manylinux_2_28_i686.manylinux_2_5_i686.whl", hash = "sha256:22a7e06a5f11a757cdfe79018e9095f9f69ae283c5cd8123774c788deec8717b", size = 251363, upload-time = "2026-05-10T18:00:42.489Z" },
    { url = "https://files.pythonhosted.org/packages/6f/5f/b5370068b2f57787454592ed7dcd1002f0f1703b7db1fa30f6a325a4ca6e/coverage-7.14.0-cp313-cp313-manylinux1_x86_64.manylinux_2_28_x86_64.manylinux_2_5_x86_64.whl", hash = "sha256:9d1aa57a1dc8e05bdc42e81c5d671d849577aeedf279f4c449d6d286f9ed88ca", size = 253961, upload-time = "2026-05-10T18:00:44.079Z" },
    { url = "https://files.pythonhosted.org/packages/29/1e/51adf17738976e8f2b85ddef7b7aa12a0838b056c92f175941d8862767c1/coverage-7.14.0-cp313-cp313-manylinux2014_aarch64.manylinux_2_17_aarch64.manylinux_2_28_aarch64.whl", hash = "sha256:90c1a51bcfddf645b3bb7ec333d9e94393a8e94f55642380fa8a9a5a9e636cb7", size = 255193, upload-time = "2026-05-10T18:00:45.623Z" },
    { url = "https://files.pythonhosted.org/packages/9e/7b/5bfd7ac1df3b881c2ac7a5cbc99c7609e6296c402f5ef587cd81c6f355b3/coverage-7.14.0-cp313-cp313-manylinux2014_ppc64le.manylinux_2_17_ppc64le.manylinux_2_28_ppc64le.whl", hash = "sha256:a841fae2fadcae4f438d43b6ccc4aac2ad609f47cdb6cfdce60cbb3fe5ca7bc2", size = 257326, upload-time = "2026-05-10T18:00:47.173Z" },
    { url = "https://files.pythonhosted.org/packages/7d/38/1d37d316b174fad3843a1d76dbdfe4398771c9ecd0515935dd9ece9cd627/coverage-7.14.0-cp313-cp313-manylinux_2_31_riscv64.manylinux_2_39_riscv64.whl", hash = "sha256:c79d2319cabef1fe8e86df73371126931550804738f78ad7d31e3aad85a67367", size = 251582, upload-time = "2026-05-10T18:00:49.152Z" },
    { url = "https://files.pythonhosted.org/packages/34/46/746704f95980ba220214e1a41e18cec5aea80a898eaa53c51bf2d645ff36/coverage-7.14.0-cp313-cp313-musllinux_1_2_aarch64.whl", hash = "sha256:1b23b0c6f0b1db6ad769b7050c8b641c0bf215ded26c1816955b17b7f26edfa9", size = 253325, upload-time = "2026-05-10T18:00:51.252Z" },
    { url = "https://files.pythonhosted.org/packages/e1/b9/bbe87206d9687b192352f893797825b5f5b15ecd3aa9c68fbff0c074d77b/coverage-7.14.0-cp313-cp313-musllinux_1_2_i686.whl", hash = "sha256:55d3089079ce181a4566b1065ab28d2575eb76d8ac8f81f4fcda2bf037fee087", size = 251291, upload-time = "2026-05-10T18:00:52.816Z" },
    { url = "https://files.pythonhosted.org/packages/46/57/b8cdb12ac0d73ef0243218bd5e22c9df8f92edab8018213a86aec67c5324/coverage-7.14.0-cp313-cp313-musllinux_1_2_ppc64le.whl", hash = "sha256:49c005cba1e2f9677fb2845dcdf9a2e72a52a17d63e8231aaaae35d9f50215ef", size = 255448, upload-time = "2026-05-10T18:00:54.548Z" },
    { url = "https://files.pythonhosted.org/packages/1f/d4/5002019538b2036ce3c84340f54d2fd5100d55b0a6b0894eee56128d03c7/coverage-7.14.0-cp313-cp313-musllinux_1_2_riscv64.whl", hash = "sha256:9117377b823daa28aa8635fbb08cda1cd6be3d7143257345459559aeef852d52", size = 251110, upload-time = "2026-05-10T18:00:56.122Z" },
    { url = "https://files.pythonhosted.org/packages/37/53/20c5009477660f084e6ed60bc02a91894b8e234e617e86ecfd9aaf78e27b/coverage-7.14.0-cp313-cp313-musllinux_1_2_x86_64.whl", hash = "sha256:7b79d646cf46d5cf9a9f40281d4441df5849e445726e369006d2b117710b33fe", size = 252885, upload-time = "2026-05-10T18:00:57.967Z" },
    { url = "https://files.pythonhosted.org/packages/ae/ab/3cf6427ac9c1f1db747dbb1ce71dde47984876d4c2cfd018a3fef0a78d4d/coverage-7.14.0-cp313-cp313-win32.whl", hash = "sha256:fb609b3658479e33f9516d46f1a89dbb9b6c261366e3a11844a96ec487533dae", size = 222539, upload-time = "2026-05-10T18:00:59.581Z" },
    { url = "https://files.pythonhosted.org/packages/8f/b8/9228523e80321c2cb4880d1f589bc0171f2f71432c35118ad04dc01decce/coverage-7.14.0-cp313-cp313-win_amd64.whl", hash = "sha256:0773d8329cf32b6fd222e4b52622c61fe8d503eb966cfc8d3c3c10c96266d50e", size = 223344, upload-time = "2026-05-10T18:01:01.531Z" },
    { url = "https://files.pythonhosted.org/packages/a3/99/118daa192f95e3a6cb2740100fbf8797cda1734b4134ef0b5d501a7fa8f3/coverage-7.14.0-cp313-cp313-win_arm64.whl", hash = "sha256:b4e26a0f1b696faf283bffe5b8569e44e336c582439df5d53281ab89ee0cba96", size = 221966, upload-time = "2026-05-10T18:01:03.16Z" },
    { url = "https://files.pythonhosted.org/packages/e6/f1/a46cc0c013be170216253184a32366d7cbdb9252feaec866b05c2d12a894/coverage-7.14.0-cp313-cp313t-macosx_10_13_x86_64.whl", hash = "sha256:953f521ca9445300397e65fda3dca58b2dbd68fee983777420b57ac3c77e9f90", size = 220679, upload-time = "2026-05-10T18:01:05.058Z" },
    { url = "https://files.pythonhosted.org/packages/64/8c/9c30a3d311a34177fa432995be7fbfc64477d8bac5630bd38055b1c9b424/coverage-7.14.0-cp313-cp313t-macosx_11_0_arm64.whl", hash = "sha256:98af83fd65ae24b1fdd03aaead967a9f523bcd2f1aab2d4f3ffda65bb568a6f1", size = 221033, upload-time = "2026-05-10T18:01:07.002Z" },
    { url = "https://files.pythonhosted.org/packages/9a/cd/3fb5e06c3badefd0c1b47e2044fdca67f8220a4ec2e7fcfb476aa0a67c6c/coverage-7.14.0-cp313-cp313t-manylinux1_i686.manylinux_2_28_i686.manylinux_2_5_i686.whl", hash = "sha256:668b92e6958c4db7cf92e81caac328dfbbdbb215db2850ad28f0cbe1eea0bfbd", size = 262333, upload-time = "2026-05-10T18:01:08.903Z" },
    { url = "https://files.pythonhosted.org/packages/a8/e6/fbc322325c7294d3e22c1ad6b79e45d0806b25228c8e5842aed6d8169aa7/coverage-7.14.0-cp313-cp313t-manylinux1_x86_64.manylinux_2_28_x86_64.manylinux_2_5_x86_64.whl", hash = "sha256:9fbd898551762dea00d3fef2b1c4f99afd2c6a3ff952ea07d60a9bd5ed4f34bc", size = 264410, upload-time = "2026-05-10T18:01:10.531Z" },
    { url = "https://files.pythonhosted.org/packages/08/92/c497b264bec1673c47cc77e26f760fcda4654cabf1f39546d1a23a3b8c35/coverage-7.14.0-cp313-cp313t-manylinux2014_aarch64.manylinux_2_17_aarch64.manylinux_2_28_aarch64.whl", hash = "sha256:68af363c07ecd8d4b7d4043d85cb376d7d227eceb54e5323ee45da73dbd3e426", size = 266836, upload-time = "2026-05-10T18:01:12.19Z" },
    { url = "https://files.pythonhosted.org/packages/78/fc/045da320987f401af5d2815d351e8aa799aec859f60e29f445e3089eeedb/coverage-7.14.0-cp313-cp313t-manylinux2014_ppc64le.manylinux_2_17_ppc64le.manylinux_2_28_ppc64le.whl", hash = "sha256:6e57054a583da8ac55edf24117ea4c9133032cfc4cf72aa2d48c1e5d4b52f899", size = 267974, upload-time = "2026-05-10T18:01:13.926Z" },
    { url = "https://files.pythonhosted.org/packages/1b/ae/227b1e379497fb7a4fc3286e620f80c8a1e7cec66d45695a01639eb1af65/coverage-7.14.0-cp313-cp313t-manylinux_2_31_riscv64.manylinux_2_39_riscv64.whl", hash = "sha256:cc3499459bbcdd51a65b64c35ab7ed2764eaf3cba826e0df3f1d7fe2e102b70b", size = 261578, upload-time = "2026-05-10T18:01:15.564Z" },
    { url = "https://files.pythonhosted.org/packages/a0/f5/3570342900f2acea31d33ff1590c5d8bac1a8e1a2e1c6d34a5d5e61de681/coverage-7.14.0-cp313-cp313t-musllinux_1_2_aarch64.whl", hash = "sha256:45899ec2138a4346ed34d601dedf5076fb74edf2d1dd9dc76a78e82397edee90", size = 264394, upload-time = "2026-05-10T18:01:17.607Z" },
    { url = "https://files.pythonhosted.org/packages/16/29/de1bbc01c935b28f89b1dc3db85b011c055e843a8e5e3b83141c3f80af7f/coverage-7.14.0-cp313-cp313t-musllinux_1_2_i686.whl", hash = "sha256:8767486808c436f05b23ab98eb963fb29185e32a9357a166971685cb3459900f", size = 262022, upload-time = "2026-05-10T18:01:19.304Z" },
    { url = "https://files.pythonhosted.org/packages/35/95/f53890b0bf2fc10ab168e05d38869215e73ca24c4cb521c3bb0eb62fe16b/coverage-7.14.0-cp313-cp313t-musllinux_1_2_ppc64le.whl", hash = "sha256:a3b5ddfd6aa7ddad53ee3edb231e88a2151507a43229b7d71b953916deca127d", size = 265732, upload-time = "2026-05-10T18:01:21.494Z" },
    { url = "https://files.pythonhosted.org/packages/ed/ea/c919e259081dd2bdf0e43b87209709ba7ec2e4117c2a7f5185379c43463c/coverage-7.14.0-cp313-cp313t-musllinux_1_2_riscv64.whl", hash = "sha256:63df0fe568e698e1045792399f8ab6da3a6c2dce3182813fb92afa2641087b47", size = 260921, upload-time = "2026-05-10T18:01:23.533Z" },
    { url = "https://files.pythonhosted.org/packages/1a/2c/c2831889705a81dc5d1c6ca12e4d8e9b95dfc146d153488a6c0ea685d28e/coverage-7.14.0-cp313-cp313t-musllinux_1_2_x86_64.whl", hash = "sha256:827d6397dbd95144939b18f89edf31f63e1f99633e8d5f32f22ba8bdda567477", size = 263109, upload-time = "2026-05-10T18:01:25.165Z" },
    { url = "https://files.pythonhosted.org/packages/5a/a9/2fcae5003cac3d63fe344d2166243c2756935f48420863c5272b240d550b/coverage-7.14.0-cp313-cp313t-win32.whl", hash = "sha256:7bf43e000d24012599b879791cff41589af90674722421ef11b11a5431920bab", size = 223212, upload-time = "2026-05-10T18:01:27.157Z" },
    { url = "https://files.pythonhosted.org/packages/3f/bb/18e94d7b14b9b398164197114a587a04ab7c9fdbe1d237eef57311c5e883/coverage-7.14.0-cp313-cp313t-win_amd64.whl", hash = "sha256:3f5549365af25d770e06b1f8f5682d9a5637d06eb494db91c6fa75d3950cc917", size = 224272, upload-time = "2026-05-10T18:01:29.107Z" },
    { url = "https://files.pythonhosted.org/packages/db/56/4f14fad782b035c81c4ffd09159e7103d42bb1d93ac8496d04b90a11b7da/coverage-7.14.0-cp313-cp313t-win_arm64.whl", hash = "sha256:6d160217ec6fe890f16ad3a9531761589443749e448f91986c972714fad361c8", size = 222530, upload-time = "2026-05-10T18:01:31.151Z" },
    { url = "https://files.pythonhosted.org/packages/61/e8/cb8e80d6f9f55b99588625062822bf946cf03ed06315df4bd8397f5632a1/coverage-7.14.0-py3-none-any.whl", hash = "sha256:8de5b61163aee3d05c8a2beab6f47913df7981dad1baf82c414d99158c286ab1", size = 211764, upload-time = "2026-05-10T18:02:29.538Z" },
]

[[package]]
name = "iniconfig"
version = "2.3.0"
source = { registry = "https://pypi.org/simple" }
sdist = { url = "https://files.pythonhosted.org/packages/72/34/14ca021ce8e5dfedc35312d08ba8bf51fdd999c576889fc2c24cb97f4f10/iniconfig-2.3.0.tar.gz", hash = "sha256:c76315c77db068650d49c5b56314774a7804df16fee4402c1f19d6d15d8c4730", size = 20503, upload-time = "2025-10-18T21:55:43.219Z" }
wheels = [
    { url = "https://files.pythonhosted.org/packages/cb/b1/3846dd7f199d53cb17f49cba7e651e9ce294d8497c8c150530ed11865bb8/iniconfig-2.3.0-py3-none-any.whl", hash = "sha256:f631c04d2c48c52b84d0d0549c99ff3859c98df65b3101406327ecc7d53fbf12", size = 7484, upload-time = "2025-10-18T21:55:41.639Z" },
]

[[package]]
name = "numpy"
version = "2.4.5"
source = { registry = "https://pypi.org/simple" }
sdist = { url = "https://files.pythonhosted.org/packages/50/8e/b8041bc719f056afd864478029d52214789341ac6583437b0ee5031e9530/numpy-2.4.5.tar.gz", hash = "sha256:ca670567a5683b7c1670ec03e0ddd5862e10934e92a70751d68d7b7b74ca7f9f", size = 20735669, upload-time = "2026-05-15T20:25:19.492Z" }
wheels = [
    { url = "https://files.pythonhosted.org/packages/e3/a4/fb50657c7cab297bf34edcd60a074cb0647f61771430d6363575274160fe/numpy-2.4.5-cp313-cp313-macosx_10_13_x86_64.whl", hash = "sha256:1ef248460b645c102026b82337cc4e88231909c66dd77b59ec6d6cac7e44f277", size = 16684760, upload-time = "2026-05-15T20:23:19.436Z" },
    { url = "https://files.pythonhosted.org/packages/3e/43/87e731299b9408eda705b3b9cb31c7bceb9347d2af9cbb16b2b1e4b5bc0f/numpy-2.4.5-cp313-cp313-macosx_11_0_arm64.whl", hash = "sha256:4603622bdcdbf8dccb1d9d5b21d16a7aa4e473ae6c8e14048d846fd4ca2907a0", size = 14694117, upload-time = "2026-05-15T20:23:21.832Z" },
    { url = "https://files.pythonhosted.org/packages/a9/c7/0b2bb8acea222e9dd6e582afc2bc553b89b8833cbdccc68e68f050fb31f8/numpy-2.4.5-cp313-cp313-macosx_14_0_arm64.whl", hash = "sha256:6c18d49c67689c562854b53fdc433b93e47c12952aa6fa6d59f185e1a5992419", size = 5199141, upload-time = "2026-05-15T20:23:24.066Z" },
    { url = "https://files.pythonhosted.org/packages/39/60/b6972b5d47033d90000f0097c81a98b9486589a2d7003bf725bff275cb0d/numpy-2.4.5-cp313-cp313-macosx_14_0_x86_64.whl", hash = "sha256:b1c663ddc641f4192e90511bec61a09bc231e3bbdb996cdc6edbcaa0e528d685", size = 6546954, upload-time = "2026-05-15T20:23:26.099Z" },
    { url = "https://files.pythonhosted.org/packages/c1/e9/ed667cb12c11ca0adde431f685d3a5dd78e6f78b27228c581c8415198e9e/numpy-2.4.5-cp313-cp313-manylinux_2_27_aarch64.manylinux_2_28_aarch64.whl", hash = "sha256:93793222b524f692f12b2f8752ce8b1d9d9125b2bfd5dbf0fb69c92c5e1ce86c", size = 15669430, upload-time = "2026-05-15T20:23:28.147Z" },
    { url = "https://files.pythonhosted.org/packages/44/e5/679f6ffeb01294b0008e5ada4a113cb47617bc0e1819a529fd7973c6d7f4/numpy-2.4.5-cp313-cp313-manylinux_2_27_x86_64.manylinux_2_28_x86_64.whl", hash = "sha256:1616bde34b2bcba2fa9bde06217ce00da4f3d1bdfb264d54525a99e8fe170d83", size = 16633390, upload-time = "2026-05-15T20:23:31.622Z" },
    { url = "https://files.pythonhosted.org/packages/36/46/42bfffc9a780ec902ccd7470d3219192ee82b7b442710307dd85b4d121b0/numpy-2.4.5-cp313-cp313-musllinux_1_2_aarch64.whl", hash = "sha256:09d7d97da1c2c62f4818b3e150a57572ff8dcf1cf5ac501aac832ffd4ebd9566", size = 17020709, upload-time = "2026-05-15T20:23:34.08Z" },
    { url = "https://files.pythonhosted.org/packages/44/00/3e840bfee0cc6cec22209f2c97057f26eeb30de031e4933b4dfc0395416c/numpy-2.4.5-cp313-cp313-musllinux_1_2_x86_64.whl", hash = "sha256:2d68d0b355ab2e39fe0de59001d7151dfdbbb880ef67baeed806661e03df5097", size = 18357818, upload-time = "2026-05-15T20:23:36.965Z" },
    { url = "https://files.pythonhosted.org/packages/72/cb/3447b400b9da84134575486f0f656541559b00d4b262477bce9b678bbca8/numpy-2.4.5-cp313-cp313-win32.whl", hash = "sha256:fe28b64777ddfa0eca9b5f51474034ebe3dcb8324f48f27b28f479085673ae33", size = 5961114, upload-time = "2026-05-15T20:23:39.586Z" },
    { url = "https://files.pythonhosted.org/packages/28/f9/a90d2220ffcdc0798f5d55bb5d5463cd6254ec9ef43f384dae80217d7a2f/numpy-2.4.5-cp313-cp313-win_amd64.whl", hash = "sha256:fb4a6c9c537d6ccec9cc4aeae4261bd3cc79b070c67ddc0646f5b1c07fddde42", size = 12318553, upload-time = "2026-05-15T20:23:41.436Z" },
    { url = "https://files.pythonhosted.org/packages/b8/c9/96f531fb3234545315152d34efdf3de7daee81254448447eb619e8d16967/numpy-2.4.5-cp313-cp313-win_arm64.whl", hash = "sha256:6d7df2da2e7ea0624a43aa368104b3a3ce14aae98ad4bb2c9a93fecef76f1c97", size = 10222200, upload-time = "2026-05-15T20:23:43.681Z" },
    { url = "https://files.pythonhosted.org/packages/e1/f4/a291caab5a3c520babf93ff77c54fd5fdb1ebbc3296cee2eb2146ce773b1/numpy-2.4.5-cp313-cp313t-macosx_11_0_arm64.whl", hash = "sha256:2a235607a18df941760a695927051af4b1cd5d3ee85840d0e2af816785771feb", size = 14821438, upload-time = "2026-05-15T20:23:45.911Z" },
    { url = "https://files.pythonhosted.org/packages/85/26/13dbb1159b864370568e7309063fd72667984df89db74e9caeb175d067c7/numpy-2.4.5-cp313-cp313t-macosx_14_0_arm64.whl", hash = "sha256:58dcf64969d870f36bc7fbd557d2617e997db7dc06261b6e3327148ea460d0a4", size = 5326663, upload-time = "2026-05-15T20:23:48.18Z" },
    { url = "https://files.pythonhosted.org/packages/7c/99/d233408072a0e019e2288e27edd23f7d572ccd4a73d1539baa3270ede85d/numpy-2.4.5-cp313-cp313t-macosx_14_0_x86_64.whl", hash = "sha256:235f54b0156274d8fa3155db3ed6d2f401c7e8f3367c90db0a12f02a58fde6ed", size = 6646874, upload-time = "2026-05-15T20:23:49.856Z" },
    { url = "https://files.pythonhosted.org/packages/c5/00/eeb6f193dfe767725e952e0464f3e51f44145c5dd261cd7389aa36ac0713/numpy-2.4.5-cp313-cp313t-manylinux_2_27_aarch64.manylinux_2_28_aarch64.whl", hash = "sha256:ef3b5bb65437a3555c648e706475db01c645559ca80dc8b03e4f202ea757e0d6", size = 15728147, upload-time = "2026-05-15T20:23:51.655Z" },
    { url = "https://files.pythonhosted.org/packages/e5/c9/b8ed039f1fde1b13a8807c893e7e2f9432a379f4d6401edecf0028da5b2c/numpy-2.4.5-cp313-cp313t-manylinux_2_27_x86_64.manylinux_2_28_x86_64.whl", hash = "sha256:7f09a7e5f017d7098c66522097c96257411c9620c0926212200d66bc8cee3976", size = 16681770, upload-time = "2026-05-15T20:23:53.933Z" },
    { url = "https://files.pythonhosted.org/packages/11/5b/0198ef6cb7016eca6d895d392106012138127fab23f46637e76d5e25c9f5/numpy-2.4.5-cp313-cp313t-musllinux_1_2_aarch64.whl", hash = "sha256:993a88d8fdd8554466a8765cd8bacd97ba56b70ca6b0a04bcdca77f5afed4222", size = 17086218, upload-time = "2026-05-15T20:23:56.646Z" },
    { url = "https://files.pythonhosted.org/packages/f0/fe/8821f3cfc660ae84c92ee158505941874b62c56a42e035a41425228cd8cf/numpy-2.4.5-cp313-cp313t-musllinux_1_2_x86_64.whl", hash = "sha256:84f58bed609b5669f5ad3d597901a4f1f86ee5b3c3708aaa55f05b4fe6e0f656", size = 18403542, upload-time = "2026-05-15T20:23:59.173Z" },
    { url = "https://files.pythonhosted.org/packages/0e/00/e64ecaf498865e7b091f57658b2c522503e5d1b70e43b807f5f8247e1d88/numpy-2.4.5-cp313-cp313t-win32.whl", hash = "sha256:7200c58f3f933ca61e66346667dcc8510bb111995e9ce15398a731e6a4afa4bb", size = 6084903, upload-time = "2026-05-15T20:24:01.506Z" },
    { url = "https://files.pythonhosted.org/packages/20/c0/354997dedaf74e8311c2cf9a6027b476fd8d424cb92189cc0ae2b25f501c/numpy-2.4.5-cp313-cp313t-win_amd64.whl", hash = "sha256:c26c71080d35db5002102f5d9ff614d45de02aa1f7802943e691e063e5ee93bc", size = 12458420, upload-time = "2026-05-15T20:24:03.735Z" },
    { url = "https://files.pythonhosted.org/packages/66/dc/917ee5ea4a31ca1a6e4c9a85386477efa318dcc60db257c5ef4adda096c1/numpy-2.4.5-cp313-cp313t-win_arm64.whl", hash = "sha256:2caa576d1707b275cba1aeb60a5c50daa6fa2a3f28ecb08123bc05fd439005db", size = 10291826, upload-time = "2026-05-15T20:24:06.535Z" },
]

[[package]]
name = "packaging"
version = "26.2"
source = { registry = "https://pypi.org/simple" }
sdist = { url = "https://files.pythonhosted.org/packages/d7/f1/e7a6dd94a8d4a5626c03e4e99c87f241ba9e350cd9e6d75123f992427270/packaging-26.2.tar.gz", hash = "sha256:ff452ff5a3e828ce110190feff1178bb1f2ea2281fa2075aadb987c2fb221661", size = 228134, upload-time = "2026-04-24T20:15:23.917Z" }
wheels = [
    { url = "https://files.pythonhosted.org/packages/df/b2/87e62e8c3e2f4b32e5fe99e0b86d576da1312593b39f47d8ceef365e95ed/packaging-26.2-py3-none-any.whl", hash = "sha256:5fc45236b9446107ff2415ce77c807cee2862cb6fac22b8a73826d0693b0980e", size = 100195, upload-time = "2026-04-24T20:15:22.081Z" },
]

[[package]]
name = "pluggy"
version = "1.6.0"
source = { registry = "https://pypi.org/simple" }
sdist = { url = "https://files.pythonhosted.org/packages/f9/e2/3e91f31a7d2b083fe6ef3fa267035b518369d9511ffab804f839851d2779/pluggy-1.6.0.tar.gz", hash = "sha256:7dcc130b76258d33b90f61b658791dede3486c3e6bfb003ee5c9bfb396dd22f3", size = 69412, upload-time = "2025-05-15T12:30:07.975Z" }
wheels = [
    { url = "https://files.pythonhosted.org/packages/54/20/4d324d65cc6d9205fabedc306948156824eb9f0ee1633355a8f7ec5c66bf/pluggy-1.6.0-py3-none-any.whl", hash = "sha256:e920276dd6813095e9377c0bc5566d94c932c33b27a3e3945d8389c374dd4746", size = 20538, upload-time = "2025-05-15T12:30:06.134Z" },
]

[[package]]
name = "pygments"
version = "2.20.0"
source = { registry = "https://pypi.org/simple" }
sdist = { url = "https://files.pythonhosted.org/packages/c3/b2/bc9c9196916376152d655522fdcebac55e66de6603a76a02bca1b6414f6c/pygments-2.20.0.tar.gz", hash = "sha256:6757cd03768053ff99f3039c1a36d6c0aa0b263438fcab17520b30a303a82b5f", size = 4955991, upload-time = "2026-03-29T13:29:33.898Z" }
wheels = [
    { url = "https://files.pythonhosted.org/packages/f4/7e/a72dd26f3b0f4f2bf1dd8923c85f7ceb43172af56d63c7383eb62b332364/pygments-2.20.0-py3-none-any.whl", hash = "sha256:81a9e26dd42fd28a23a2d169d86d7ac03b46e2f8b59ed4698fb4785f946d0176", size = 1231151, upload-time = "2026-03-29T13:29:30.038Z" },
]

[[package]]
name = "pytest"
version = "9.0.3"
source = { registry = "https://pypi.org/simple" }
dependencies = [
    { name = "colorama", marker = "sys_platform == 'win32'" },
    { name = "iniconfig" },
    { name = "packaging" },
    { name = "pluggy" },
    { name = "pygments" },
]
sdist = { url = "https://files.pythonhosted.org/packages/7d/0d/549bd94f1a0a402dc8cf64563a117c0f3765662e2e668477624baeec44d5/pytest-9.0.3.tar.gz", hash = "sha256:b86ada508af81d19edeb213c681b1d48246c1a91d304c6c81a427674c17eb91c", size = 1572165, upload-time = "2026-04-07T17:16:18.027Z" }
wheels = [
    { url = "https://files.pythonhosted.org/packages/d4/24/a372aaf5c9b7208e7112038812994107bc65a84cd00e0354a88c2c77a617/pytest-9.0.3-py3-none-any.whl", hash = "sha256:2c5efc453d45394fdd706ade797c0a81091eccd1d6e4bccfcd476e2b8e0ab5d9", size = 375249, upload-time = "2026-04-07T17:16:16.13Z" },
]

[[package]]
name = "pytest-cov"
version = "7.1.0"
source = { registry = "https://pypi.org/simple" }
dependencies = [
    { name = "coverage" },
    { name = "pluggy" },
    { name = "pytest" },
]
sdist = { url = "https://files.pythonhosted.org/packages/b1/51/a849f96e117386044471c8ec2bd6cfebacda285da9525c9106aeb28da671/pytest_cov-7.1.0.tar.gz", hash = "sha256:30674f2b5f6351aa09702a9c8c364f6a01c27aae0c1366ae8016160d1efc56b2", size = 55592, upload-time = "2026-03-21T20:11:16.284Z" }
wheels = [
    { url = "https://files.pythonhosted.org/packages/9d/7a/d968e294073affff457b041c2be9868a40c1c71f4a35fcc1e45e5493067b/pytest_cov-7.1.0-py3-none-any.whl", hash = "sha256:a0461110b7865f9a271aa1b51e516c9a95de9d696734a2f71e3e78f46e1d4678", size = 22876, upload-time = "2026-03-21T20:11:14.438Z" },
]

[[package]]
name = "ruff"
version = "0.15.13"
source = { registry = "https://pypi.org/simple" }
sdist = { url = "https://files.pythonhosted.org/packages/24/21/a7d5c126d5b557715ef81098f3db2fe20f622a039ff2e626af28d674ab80/ruff-0.15.13.tar.gz", hash = "sha256:f9d89f17f7ba7fb2ed42921f0df75da797a9a5d71bc39049e2c687cf2baf44b7", size = 4678180, upload-time = "2026-05-14T13:44:37.869Z" }
wheels = [
    { url = "https://files.pythonhosted.org/packages/c6/61/11d458dc6ac22504fd8e237b29dfd40504c7fbbcc8930402cfe51a8e63ed/ruff-0.15.13-py3-none-linux_armv6l.whl", hash = "sha256:444b580fc72fd6887e650acd3e575e18cdc79dbcf42fb4030b491057921f61f8", size = 10738279, upload-time = "2026-05-14T13:44:18.7Z" },
    { url = "https://files.pythonhosted.org/packages/86/ca/caa871ee7be718c45256fada4e16a218ee3e33f0c4a46b729a60a24912e6/ruff-0.15.13-py3-none-macosx_10_12_x86_64.whl", hash = "sha256:6590d009e7cb7ebf36f83dbdd44a3fa48a0994ff6f1cdc1b08006abe58f98dc7", size = 11124798, upload-time = "2026-05-14T13:44:06.427Z" },
    { url = "https://files.pythonhosted.org/packages/d3/19/43f5f2e568dddde567fc41f8471f9432c09563e19d3e617a48cfa52f8f0a/ruff-0.15.13-py3-none-macosx_11_0_arm64.whl", hash = "sha256:1c26d2f66163deeb6e08d8b39fbbe983ce3c71cea06a6d7591cfd1421793c629", size = 10460761, upload-time = "2026-05-14T13:44:04.375Z" },
    { url = "https://files.pythonhosted.org/packages/99/df/cf938cd6de3003178f03ad7c1ea2a6c099468c03a35037985070b37e76be/ruff-0.15.13-py3-none-manylinux_2_17_aarch64.manylinux2014_aarch64.whl", hash = "sha256:9dbd6f94b434f896308e4d57fb7bfde0d02b99f7a64b3bdab0fdfa6a864203a5", size = 10804451, upload-time = "2026-05-14T13:44:25.221Z" },
    { url = "https://files.pythonhosted.org/packages/c7/7d/5d0973129b154ded2225729169d7068f26b467760b146493fde138415f23/ruff-0.15.13-py3-none-manylinux_2_17_armv7l.manylinux2014_armv7l.whl", hash = "sha256:bf3259f3be4d181bda591da5db2571aed6853c6a048157756448020bc6c5cd22", size = 10534285, upload-time = "2026-05-14T13:44:08.888Z" },
    { url = "https://files.pythonhosted.org/packages/1f/e3/6b999bbc66cd51e5f073842bc2a3995e99c5e0e72e16b15e7261f7abf57a/ruff-0.15.13-py3-none-manylinux_2_17_i686.manylinux2014_i686.whl", hash = "sha256:ae9c17e5eb4430c154e76abc25d79a318190f5a997f38fb6b114416c5319ffc9", size = 11312063, upload-time = "2026-05-14T13:44:11.274Z" },
    { url = "https://files.pythonhosted.org/packages/af/5a/642639e9f5db04f1e97fbd6e091c6fd20725bdf072fb114d00eefb9e6eb8/ruff-0.15.13-py3-none-manylinux_2_17_ppc64le.manylinux2014_ppc64le.whl", hash = "sha256:2e2e39bff6c341f4b577a21b801326fab0b11847f48fcaa83f00a113c9b3cb55", size = 12183079, upload-time = "2026-05-14T13:44:01.634Z" },
    { url = "https://files.pythonhosted.org/packages/19/4c/7585735f6b53b0f12de13618b2f7d250a844f018822efc899df2e7b8295f/ruff-0.15.13-py3-none-manylinux_2_17_s390x.manylinux2014_s390x.whl", hash = "sha256:e8d9a8e08013542e94d3220bc5b62cc3e5ef87c5f74bff367d3fac14fab013e6", size = 11440833, upload-time = "2026-05-14T13:43:59.043Z" },
    { url = "https://files.pythonhosted.org/packages/e8/31/bf1a0803d077e679cfeee5f2f67290a0fa79c7385b5d9a8c17b9db2c48f0/ruff-0.15.13-py3-none-manylinux_2_17_x86_64.manylinux2014_x86_64.whl", hash = "sha256:cc411dfebe5eebe55ce041c6ae080eb7668955e866daa2fbb16692a784f1c4ca", size = 11434486, upload-time = "2026-05-14T13:44:27.761Z" },
    { url = "https://files.pythonhosted.org/packages/e1/4e/62c9b999875d4f14db80f277c030578f5e249c9852d65b7ac7ad0b43c041/ruff-0.15.13-py3-none-manylinux_2_31_riscv64.whl", hash = "sha256:768494eb08b9cee54e2fd27969966f74db5a57f6eaa7a90fcb3306af34dfc4bd", size = 11385189, upload-time = "2026-05-14T13:44:13.704Z" },
    { url = "https://files.pythonhosted.org/packages/fc/89/7e959047a104df3eb12863447c110140191fc5b6c4f379ea2e803fcdb0e4/ruff-0.15.13-py3-none-musllinux_1_2_aarch64.whl", hash = "sha256:fb75f9a3a7e42ffe117d734494e6c5e5cb3565d66e12612cb63d0e572a41a5b6", size = 10781380, upload-time = "2026-05-14T13:43:56.734Z" },
    { url = "https://files.pythonhosted.org/packages/ff/52/5fd18f3b88cab63e88aa11516b3b4e1e5f720e5c330f8dbe5c26210f41f8/ruff-0.15.13-py3-none-musllinux_1_2_armv7l.whl", hash = "sha256:8cb74dd33bb2f6613faf7fc03b660053b5ac4f80e706d5788c6335e2a8048d51", size = 10540605, upload-time = "2026-05-14T13:44:20.748Z" },
    { url = "https://files.pythonhosted.org/packages/e8/e0/9e35f338990d3e41a82875ff7053ffe97541dae81c9d02143177f381d572/ruff-0.15.13-py3-none-musllinux_1_2_i686.whl", hash = "sha256:7ef823f817fcd191dc934e984be9cf4094f808effa16f2542ad8e821ba02bbf2", size = 11036554, upload-time = "2026-05-14T13:44:16.256Z" },
    { url = "https://files.pythonhosted.org/packages/c2/13/070fb048c24080fba188f66371e2a92785be257ad02242066dc7255ac6e9/ruff-0.15.13-py3-none-musllinux_1_2_x86_64.whl", hash = "sha256:f345a13937bd7f09f6f5d19fa0721b0c103e00e7f62bc67089a8e5e037719e0b", size = 11528133, upload-time = "2026-05-14T13:44:22.808Z" },
    { url = "https://files.pythonhosted.org/packages/6b/8c/b1e1666aef7fc6555094d73ae6cd981701781ae85b97ceefc0eebd0b4668/ruff-0.15.13-py3-none-win32.whl", hash = "sha256:4044f94208b3b05ba0fc4a4abd0558cf4d6459bd18325eead7fd8cc66f909b41", size = 10721455, upload-time = "2026-05-14T13:44:35.697Z" },
    { url = "https://files.pythonhosted.org/packages/ab/a6/870a3e8a50590bb92be184ad928c2922f088b00d9dc5c5ec7b924ee08c22/ruff-0.15.13-py3-none-win_amd64.whl", hash = "sha256:7064884d442b7d477b4e7473d12da7f08851d2b1982763c5d3f388a19468a1a4", size = 11900409, upload-time = "2026-05-14T13:44:30.389Z" },
    { url = "https://files.pythonhosted.org/packages/9b/36/9c015cd052fca743dae8cb2aeb16b551444787467db42ceab0fc968865af/ruff-0.15.13-py3-none-win_arm64.whl", hash = "sha256:2471da9bd1068c8c064b5fd9c0c4b6dddffd6369cb1cd68b29993b1709ff1b21", size = 11179336, upload-time = "2026-05-14T13:44:33.026Z" },
]

[[package]]
name = "scipy"
version = "1.17.1"
source = { registry = "https://pypi.org/simple" }
dependencies = [
    { name = "numpy" },
]
sdist = { url = "https://files.pythonhosted.org/packages/7a/97/5a3609c4f8d58b039179648e62dd220f89864f56f7357f5d4f45c29eb2cc/scipy-1.17.1.tar.gz", hash = "sha256:95d8e012d8cb8816c226aef832200b1d45109ed4464303e997c5b13122b297c0", size = 30573822, upload-time = "2026-02-23T00:26:24.851Z" }
wheels = [
    { url = "https://files.pythonhosted.org/packages/76/27/07ee1b57b65e92645f219b37148a7e7928b82e2b5dbeccecb4dff7c64f0b/scipy-1.17.1-cp313-cp313-macosx_10_14_x86_64.whl", hash = "sha256:5e3c5c011904115f88a39308379c17f91546f77c1667cea98739fe0fccea804c", size = 31590199, upload-time = "2026-02-23T00:19:17.192Z" },
    { url = "https://files.pythonhosted.org/packages/ec/ae/db19f8ab842e9b724bf5dbb7db29302a91f1e55bc4d04b1025d6d605a2c5/scipy-1.17.1-cp313-cp313-macosx_12_0_arm64.whl", hash = "sha256:6fac755ca3d2c3edcb22f479fceaa241704111414831ddd3bc6056e18516892f", size = 28154001, upload-time = "2026-02-23T00:19:22.241Z" },
    { url = "https://files.pythonhosted.org/packages/5b/58/3ce96251560107b381cbd6e8413c483bbb1228a6b919fa8652b0d4090e7f/scipy-1.17.1-cp313-cp313-macosx_14_0_arm64.whl", hash = "sha256:7ff200bf9d24f2e4d5dc6ee8c3ac64d739d3a89e2326ba68aaf6c4a2b838fd7d", size = 20325719, upload-time = "2026-02-23T00:19:26.329Z" },
    { url = "https://files.pythonhosted.org/packages/b2/83/15087d945e0e4d48ce2377498abf5ad171ae013232ae31d06f336e64c999/scipy-1.17.1-cp313-cp313-macosx_14_0_x86_64.whl", hash = "sha256:4b400bdc6f79fa02a4d86640310dde87a21fba0c979efff5248908c6f15fad1b", size = 22683595, upload-time = "2026-02-23T00:19:30.304Z" },
    { url = "https://files.pythonhosted.org/packages/b4/e0/e58fbde4a1a594c8be8114eb4aac1a55bcd6587047efc18a61eb1f5c0d30/scipy-1.17.1-cp313-cp313-manylinux_2_27_aarch64.manylinux_2_28_aarch64.whl", hash = "sha256:2b64ca7d4aee0102a97f3ba22124052b4bd2152522355073580bf4845e2550b6", size = 32896429, upload-time = "2026-02-23T00:19:35.536Z" },
    { url = "https://files.pythonhosted.org/packages/f5/5f/f17563f28ff03c7b6799c50d01d5d856a1d55f2676f537ca8d28c7f627cd/scipy-1.17.1-cp313-cp313-manylinux_2_27_x86_64.manylinux_2_28_x86_64.whl", hash = "sha256:581b2264fc0aa555f3f435a5944da7504ea3a065d7029ad60e7c3d1ae09c5464", size = 35203952, upload-time = "2026-02-23T00:19:42.259Z" },
    { url = "https://files.pythonhosted.org/packages/8d/a5/9afd17de24f657fdfe4df9a3f1ea049b39aef7c06000c13db1530d81ccca/scipy-1.17.1-cp313-cp313-musllinux_1_2_aarch64.whl", hash = "sha256:beeda3d4ae615106d7094f7e7cef6218392e4465cc95d25f900bebabfded0950", size = 34979063, upload-time = "2026-02-23T00:19:47.547Z" },
    { url = "https://files.pythonhosted.org/packages/8b/13/88b1d2384b424bf7c924f2038c1c409f8d88bb2a8d49d097861dd64a57b2/scipy-1.17.1-cp313-cp313-musllinux_1_2_x86_64.whl", hash = "sha256:6609bc224e9568f65064cfa72edc0f24ee6655b47575954ec6339534b2798369", size = 37598449, upload-time = "2026-02-23T00:19:53.238Z" },
    { url = "https://files.pythonhosted.org/packages/35/e5/d6d0e51fc888f692a35134336866341c08655d92614f492c6860dc45bb2c/scipy-1.17.1-cp313-cp313-win_amd64.whl", hash = "sha256:37425bc9175607b0268f493d79a292c39f9d001a357bebb6b88fdfaff13f6448", size = 36510943, upload-time = "2026-02-23T00:20:50.89Z" },
    { url = "https://files.pythonhosted.org/packages/2a/fd/3be73c564e2a01e690e19cc618811540ba5354c67c8680dce3281123fb79/scipy-1.17.1-cp313-cp313-win_arm64.whl", hash = "sha256:5cf36e801231b6a2059bf354720274b7558746f3b1a4efb43fcf557ccd484a87", size = 24545621, upload-time = "2026-02-23T00:20:55.871Z" },
    { url = "https://files.pythonhosted.org/packages/6f/6b/17787db8b8114933a66f9dcc479a8272e4b4da75fe03b0c282f7b0ade8cd/scipy-1.17.1-cp313-cp313t-macosx_10_14_x86_64.whl", hash = "sha256:d59c30000a16d8edc7e64152e30220bfbd724c9bbb08368c054e24c651314f0a", size = 31936708, upload-time = "2026-02-23T00:19:58.694Z" },
    { url = "https://files.pythonhosted.org/packages/38/2e/524405c2b6392765ab1e2b722a41d5da33dc5c7b7278184a8ad29b6cb206/scipy-1.17.1-cp313-cp313t-macosx_12_0_arm64.whl", hash = "sha256:010f4333c96c9bb1a4516269e33cb5917b08ef2166d5556ca2fd9f082a9e6ea0", size = 28570135, upload-time = "2026-02-23T00:20:03.934Z" },
    { url = "https://files.pythonhosted.org/packages/fd/c3/5bd7199f4ea8556c0c8e39f04ccb014ac37d1468e6cfa6a95c6b3562b76e/scipy-1.17.1-cp313-cp313t-macosx_14_0_arm64.whl", hash = "sha256:2ceb2d3e01c5f1d83c4189737a42d9cb2fc38a6eeed225e7515eef71ad301dce", size = 20741977, upload-time = "2026-02-23T00:20:07.935Z" },
    { url = "https://files.pythonhosted.org/packages/d9/b8/8ccd9b766ad14c78386599708eb745f6b44f08400a5fd0ade7cf89b6fc93/scipy-1.17.1-cp313-cp313t-macosx_14_0_x86_64.whl", hash = "sha256:844e165636711ef41f80b4103ed234181646b98a53c8f05da12ca5ca289134f6", size = 23029601, upload-time = "2026-02-23T00:20:12.161Z" },
    { url = "https://files.pythonhosted.org/packages/6d/a0/3cb6f4d2fb3e17428ad2880333cac878909ad1a89f678527b5328b93c1d4/scipy-1.17.1-cp313-cp313t-manylinux_2_27_aarch64.manylinux_2_28_aarch64.whl", hash = "sha256:158dd96d2207e21c966063e1635b1063cd7787b627b6f07305315dd73d9c679e", size = 33019667, upload-time = "2026-02-23T00:20:17.208Z" },
    { url = "https://files.pythonhosted.org/packages/f3/c3/2d834a5ac7bf3a0c806ad1508efc02dda3c8c61472a56132d7894c312dea/scipy-1.17.1-cp313-cp313t-manylinux_2_27_x86_64.manylinux_2_28_x86_64.whl", hash = "sha256:74cbb80d93260fe2ffa334efa24cb8f2f0f622a9b9febf8b483c0b865bfb3475", size = 35264159, upload-time = "2026-02-23T00:20:23.087Z" },
    { url = "https://files.pythonhosted.org/packages/4d/77/d3ed4becfdbd217c52062fafe35a72388d1bd82c2d0ba5ca19d6fcc93e11/scipy-1.17.1-cp313-cp313t-musllinux_1_2_aarch64.whl", hash = "sha256:dbc12c9f3d185f5c737d801da555fb74b3dcfa1a50b66a1a93e09190f41fab50", size = 35102771, upload-time = "2026-02-23T00:20:28.636Z" },
    { url = "https://files.pythonhosted.org/packages/bd/12/d19da97efde68ca1ee5538bb261d5d2c062f0c055575128f11a2730e3ac1/scipy-1.17.1-cp313-cp313t-musllinux_1_2_x86_64.whl", hash = "sha256:94055a11dfebe37c656e70317e1996dc197e1a15bbcc351bcdd4610e128fe1ca", size = 37665910, upload-time = "2026-02-23T00:20:34.743Z" },
    { url = "https://files.pythonhosted.org/packages/06/1c/1172a88d507a4baaf72c5a09bb6c018fe2ae0ab622e5830b703a46cc9e44/scipy-1.17.1-cp313-cp313t-win_amd64.whl", hash = "sha256:e30bdeaa5deed6bc27b4cc490823cd0347d7dae09119b8803ae576ea0ce52e4c", size = 36562980, upload-time = "2026-02-23T00:20:40.575Z" },
    { url = "https://files.pythonhosted.org/packages/70/b0/eb757336e5a76dfa7911f63252e3b7d1de00935d7705cf772db5b45ec238/scipy-1.17.1-cp313-cp313t-win_arm64.whl", hash = "sha256:a720477885a9d2411f94a93d16f9d89bad0f28ca23c3f8daa521e2dcc3f44d49", size = 24856543, upload-time = "2026-02-23T00:20:45.313Z" },
]

[[package]]
name = "spiceypy"
version = "8.1.0"
source = { registry = "https://pypi.org/simple" }
dependencies = [
    { name = "numpy" },
]
sdist = { url = "https://files.pythonhosted.org/packages/76/63/155957e6649144923462b33707ec3a32b16d399067361a9c5e77da169700/spiceypy-8.1.0.tar.gz", hash = "sha256:75fd5c511d866dd094287da03a4628ae7a04eabff97d12b42960d00a614042cd", size = 642163, upload-time = "2026-04-05T05:41:04.57Z" }
wheels = [
    { url = "https://files.pythonhosted.org/packages/92/10/536da95111453546de9472a4af8be4b8554b0b0221b384f9efc839012e6b/spiceypy-8.1.0-cp313-cp313-macosx_10_13_x86_64.whl", hash = "sha256:d5faafa2e0e0c68e00812c87513dc710be98288b688001f9a78b901879dc8d27", size = 2085628, upload-time = "2026-04-05T05:40:47.589Z" },
    { url = "https://files.pythonhosted.org/packages/a7/7a/d02b3219ff82a2f9c7f0e8eddaad8382f1dcfb84bd3fccb9ab88f052fcd7/spiceypy-8.1.0-cp313-cp313-macosx_11_0_arm64.whl", hash = "sha256:dd75f08629021b5c73650adb5832b39ecc0864f0362deec34edd94b401ee6168", size = 1887433, upload-time = "2026-04-05T05:40:49.147Z" },
    { url = "https://files.pythonhosted.org/packages/ad/68/19e707685f1d1e237c4c2d22da77c7a3b15db3aa31095708b773152fdcc2/spiceypy-8.1.0-cp313-cp313-manylinux2014_aarch64.manylinux_2_17_aarch64.manylinux_2_28_aarch64.whl", hash = "sha256:e7b66772d1161ac2a0c6aa9209a687719dd8c0fe524a2f790e44be03f29108de", size = 2213285, upload-time = "2026-04-05T05:40:50.848Z" },
    { url = "https://files.pythonhosted.org/packages/61/0a/9beda9e6b98da1847fc5d9225cdf1628d8a774f8413f4577e6a00e744bcf/spiceypy-8.1.0-cp313-cp313-manylinux2014_x86_64.manylinux_2_17_x86_64.manylinux_2_28_x86_64.whl", hash = "sha256:00dcb96cb558a02c83dad02eda07f8d3201707a5c534cc17c665c9f0c65e3da8", size = 2328700, upload-time = "2026-04-05T05:40:52.727Z" },
    { url = "https://files.pythonhosted.org/packages/c6/d7/76df680cfd4ebda7ad6d5a5ce8c2183ed102611b8977d2cef0a0c8395ef5/spiceypy-8.1.0-cp313-cp313-win_amd64.whl", hash = "sha256:71e0a8f00e97bfd1394b4fe138500da01938ae5043889773733db206d75824ce", size = 2027425, upload-time = "2026-04-05T05:40:54.314Z" },
]
